{
  "name": "aura-prime-os1",
  "version": "1.0.0",
  "lockfileVersion": 3,
  "requires": true,
  "private": true,
  "type": "module",
  "packages": {
    "": {
      "name": "aura-prime-os1",
      "version": "1.0.0",
      "license": "ISC",
      "devDependencies": {}
    }
  },
  "devDependencies": {
    "@types/node": "^22.14.0",
    "typescript": "~5.7.2",
    "vite": "^6.2.0"
  },
  "scripts": {
    "build": "vite build",
    "dev": "vite",
    "preview": "vite preview"
  }
}

{
  "engines": {
    "node": ">=16.0.0"
  },
  "dependencies": {
    "aura-prime-core": "workspace:*",
    "aura-prime-ui": "workspace:*",
    "aura-prime-service": "workspace:*"
  },
  "workspaces": [
    "packages/*"
  ]
}
{
  